
Microsoft Visual Studio Solution File, Format Version 12.00
# Visual Studio 15
VisualStudioVersion = 15.0.26430.6
MinimumVisualStudioVersion = 10.0.40219.1
Project("{FAE04EC0-301F-11D3-BF4B-00C04F79EFBC}") = "PokedexNET", "PokedexNET\PokedexNET.csproj", "{32051164-C8CC-4F3A-BB10-6CBE77192EDA}"
EndProject
Project("{FAE04EC0-301F-11D3-BF4B-00C04F79EFBC}") = "PokedexNET.Test", "PokedexNET.Test\PokedexNET.Test.csproj", "{23E4ADB0-73F9-496A-B4CD-CC82B7F11F89}"
EndProject
Global
	GlobalSection(SolutionConfigurationPlatforms) = preSolution
		Debug|Any CPU = Debug|Any CPU
		Release|Any CPU = Release|Any CPU
	EndGlobalSection
	GlobalSection(ProjectConfigurationPlatforms) = postSolution
		{32051164-C8CC-4F3A-BB10-6CBE77192EDA}.Debug|Any CPU.ActiveCfg = Debug|Any CPU
		{32051164-C8CC-4F3A-BB10-6CBE77192EDA}.Debug|Any CPU.Build.0 = Debug|Any CPU
		{32051164-C8CC-4F3A-BB10-6CBE77192EDA}.Release|Any CPU.ActiveCfg = Release|Any CPU
		{32051164-C8CC-4F3A-BB10-6CBE77192EDA}.Release|Any CPU.Build.0 = Release|Any CPU
		{23E4ADB0-73F9-496A-B4CD-CC82B7F11F89}.Debug|Any CPU.ActiveCfg = Debug|Any CPU
		{23E4ADB0-73F9-496A-B4CD-CC82B7F11F89}.Debug|Any CPU.Build.0 = Debug|Any CPU
		{23E4ADB0-73F9-496A-B4CD-CC82B7F11F89}.Release|Any CPU.ActiveCfg = Release|Any CPU
		{23E4ADB0-73F9-496A-B4CD-CC82B7F11F89}.Release|Any CPU.Build.0 = Release|Any CPU
	EndGlobalSection
	GlobalSection(SolutionProperties) = preSolution
		HideSolutionNode = FALSE
	EndGlobalSection
	GlobalSection(CodealikeProperties) = postSolution
		SolutionGuid = 5d4cd6ac-d8dc-4785-ad7c-adbf7a730a60
	EndGlobalSection
EndGlobal
